// !$*UTF8*$!
{
	archiveVersion = 1;
	classes = {
	};
	objectVersion = 55;
	objects = {

/* Begin PBXBuildFile section */
		B3898BC328944C6C0009D222 /* AppDelegate.swift in Sources */ = {isa = PBXBuildFile; fileRef = B3898BC228944C6C0009D222 /* AppDelegate.swift */; };
		B3898BC528944C6C0009D222 /* SceneDelegate.swift in Sources */ = {isa = PBXBuildFile; fileRef = B3898BC428944C6C0009D222 /* SceneDelegate.swift */; };
		B3898BC728944C6C0009D222 /* ViewController.swift in Sources */ = {isa = PBXBuildFile; fileRef = B3898BC628944C6C0009D222 /* ViewController.swift */; };
		B3898BCA28944C6C0009D222 /* Main.storyboard in Resources */ = {isa = PBXBuildFile; fileRef = B3898BC828944C6C0009D222 /* Main.storyboard */; };
		B3898BCC28944C700009D222 /* Assets.xcassets in Resources */ = {isa = PBXBuildFile; fileRef = B3898BCB28944C700009D222 /* Assets.xcassets */; };
		B3898BCF28944C700009D222 /* LaunchScreen.storyboard in Resources */ = {isa = PBXBuildFile; fileRef = B3898BCD28944C700009D222 /* LaunchScreen.storyboard */; };
		B3898BDA28944C700009D222 /* PreWorkTests.swift in Sources */ = {isa = PBXBuildFile; fileRef = B3898BD928944C700009D222 /* PreWorkTests.swift */; };
		B3898BE428944C700009D222 /* PreWorkUITests.swift in Sources */ = {isa = PBXBuildFile; fileRef = B3898BE328944C700009D222 /* PreWorkUITests.swift */; };
		B3898BE628944C700009D222 /* PreWorkUITestsLaunchTests.swift in Sources */ = {isa = PBXBuildFile; fileRef = B3898BE528944C700009D222 /* PreWorkUITestsLaunchTests.swift */; };
/* End PBXBuildFile section */

/* Begin PBXContainerItemProxy section */
		B3898BD628944C700009D222 /* PBXContainerItemProxy */ = {
			isa = PBXContainerItemProxy;
			containerPortal = B3898BB728944C6C0009D222 /* Project object */;
			proxyType = 1;
			remoteGlobalIDString = B3898BBE28944C6C0009D222;
			remoteInfo = PreWork;
		};
		B3898BE028944C700009D222 /* PBXContainerItemProxy */ = {
			isa = PBXContainerItemProxy;
			containerPortal = B3898BB728944C6C0009D222 /* Project object */;
			proxyType = 1;
			remoteGlobalIDString = B3898BBE28944C6C0009D222;
			remoteInfo = PreWork;
		};
/* End PBXContainerItemProxy section */

/* Begin PBXFileReference section */
		B3898BBF28944C6C0009D222 /* PreWork.app */ = {isa = PBXFileReference; explicitFileType = wrapper.application; includeInIndex = 0; path = PreWork.app; sourceTree = BUILT_PRODUCTS_DIR; };
		B3898BC228944C6C0009D222 /* AppDelegate.swift */ = {isa = PBXFileReference; lastKnownFileType = sourcecode.swift; path = AppDelegate.swift; sourceTree = "<group>"; };
		B3898BC428944C6C0009D222 /* SceneDelegate.swift */ = {isa = PBXFileReference; lastKnownFileType = sourcecode.swift; path = SceneDelegate.swift; sourceTree = "<group>"; };
		B3898BC628944C6C0009D222 /* ViewController.swift */ = {isa = PBXFileReference; lastKnownFileType = sourcecode.swift; path = ViewController.swift; sourceTree = "<group>"; };
		B3898BC928944C6C0009D222 /* Base */ = {isa = PBXFileReference; lastKnownFileType = file.storyboard; name = Base; path = Base.lproj/Main.storyboard; sourceTree = "<group>"; };
		B3898BCB28944C700009D222 /* Assets.xcassets */ = {isa = PBXFileReference; lastKnownFileType = folder.assetcatalog; path = Assets.xcassets; sourceTree = "<group>"; };
		B3898BCE28944C700009D222 /* Base */ = {isa = PBXFileReference; lastKnownFileType = file.storyboard; name = Base; path = Base.lproj/LaunchScreen.storyboard; sourceTree = "<group>"; };
		B3898BD028944C700009D222 /* Info.plist */ = {isa = PBXFileReference; lastKnownFileType = text.plist.xml; path = Info.plist; sourceTree = "<group>"; };
		B3898BD528944C700009D222 /* PreWorkTests.xctest */ = {isa = PBXFileReference; explicitFileType = wrapper.cfbundle; includeInIndex = 0; path = PreWorkTests.xctest; sourceTree = BUILT_PRODUCTS_DIR; };
		B3898BD928944C700009D222 /* PreWorkTests.swift */ = {isa = PBXFileReference; lastKnownFileType = sourcecode.swift; path = PreWorkTests.swift; sourceTree = "<group>"; };
		B3898BDF28944C700009D222 /* PreWorkUITests.xctest */ = {isa = PBXFileReference; explicitFileType = wrapper.cfbundle; includeInIndex = 0; path = PreWorkUITests.xctest; sourceTree = BUILT_PRODUCTS_DIR; };
		B3898BE328944C700009D222 /* PreWorkUITests.swift */ = {isa = PBXFileReference; lastKnownFileType = sourcecode.swift; path = PreWorkUITests.swift; sourceTree = "<group>"; };
		B3898BE528944C700009D222 /* PreWorkUITestsLaunchTests.swift */ = {isa = PBXFileReference; lastKnownFileType = sourcecode.swift; path = PreWorkUITestsLaunchTests.swift; sourceTree = "<group>"; };
/* End PBXFileReference section */

/* Begin PBXFrameworksBuildPhase section */
		B3898BBC28944C6C0009D222 /* Frameworks */ = {
			isa = PBXFrameworksBuildPhase;
			buildActionMask = 2147483647;
			files = (
			);
			runOnlyForDeploymentPostprocessing = 0;
		};
		B3898BD228944C700009D222 /* Frameworks */ = {
			isa = PBXFrameworksBuildPhase;
			buildActionMask = 2147483647;
			files = (
			);
			runOnlyForDeploymentPostprocessing = 0;
		};
		B3898BDC28944C700009D222 /* Frameworks */ = {
			isa = PBXFrameworksBuildPhase;
			buildActionMask = 2147483647;
			files = (
			);
			runOnlyForDeploymentPostprocessing = 0;
		};
/* End PBXFrameworksBuildPhase section */

/* Begin PBXGroup section */
		B3898BB628944C6C0009D222 = {
			isa = PBXGroup;
			children = (
				B3898BC128944C6C0009D222 /* PreWork */,
				B3898BD828944C700009D222 /* PreWorkTests */,
				B3898BE228944C700009D222 /* PreWorkUITests */,
				B3898BC028944C6C0009D222 /* Products */,
			);
			sourceTree = "<group>";
		};
		B3898BC028944C6C0009D222 /* Products */ = {
			isa = PBXGroup;
			children = (
				B3898BBF28944C6C0009D222 /* PreWork.app */,
				B3898BD528944C700009D222 /* PreWorkTests.xctest */,
				B3898BDF28944C700009D222 /* PreWorkUITests.xctest */,
			);
			name = Products;
			sourceTree = "<group>";
		};
		B3898BC128944C6C0009D222 /* PreWork */ = {
			isa = PBXGroup;
			children = (
				B3898BC228944C6C0009D222 /* AppDelegate.swift */,
				B3898BC428944C6C0009D222 /* SceneDelegate.swift */,
				B3898BC628944C6C0009D222 /* ViewController.swift */,
				B3898BC828944C6C0009D222 /* Main.storyboard */,
				B3898BCB28944C700009D222 /* Assets.xcassets */,
				B3898BCD28944C700009D222 /* LaunchScreen.storyboard */,
				B3898BD028944C700009D222 /* Info.plist */,
			);
			path = PreWork;
			sourceTree = "<group>";
		};
		B3898BD828944C700009D222 /* PreWorkTests */ = {
			isa = PBXGroup;
			children = (
				B3898BD928944C700009D222 /* PreWorkTests.swift */,
			);
			path = PreWorkTests;
			sourceTree = "<group>";
		};
		B3898BE228944C700009D222 /* PreWorkUITests */ = {
			isa = PBXGroup;
			children = (
				B3898BE328944C700009D222 /* PreWorkUITests.swift */,
				B3898BE528944C700009D222 /* PreWorkUITestsLaunchTests.swift */,
			);
			path = PreWorkUITests;
			sourceTree = "<group>";
		};
/* End PBXGroup section */

/* Begin PBXNativeTarget section */
		B3898BBE28944C6C0009D222 /* PreWork */ = {
			isa = PBXNativeTarget;
			buildConfigurationList = B3898BE928944C700009D222 /* Build configuration list for PBXNativeTarget "PreWork" */;
			buildPhases = (
				B3898BBB28944C6C0009D222 /* Sources */,
				B3898BBC28944C6C0009D222 /* Frameworks */,
				B3898BBD28944C6C0009D222 /* Resources */,
			);
			buildRules = (
			);
			dependencies = (
			);
			name = PreWork;
			productName = PreWork;
			productReference = B3898BBF28944C6C0009D222 /* PreWork.app */;
			productType = "com.apple.product-type.application";
		};
		B3898BD428944C700009D222 /* PreWorkTests */ = {
			isa = PBXNativeTarget;
			buildConfigurationList = B3898BEC28944C700009D222 /* Build configuration list for PBXNativeTarget "PreWorkTests" */;
			buildPhases = (
				B3898BD128944C700009D222 /* Sources */,
				B3898BD228944C700009D222 /* Frameworks */,
				B3898BD328944C700009D222 /* Resources */,
			);
			buildRules = (
			);
			dependencies = (
				B3898BD728944C700009D222 /* PBXTargetDependency */,
			);
			name = PreWorkTests;
			productName = PreWorkTests;
			productReference = B3898BD528944C700009D222 /* PreWorkTests.xctest */;
			productType = "com.apple.product-type.bundle.unit-test";
		};
		B3898BDE28944C700009D222 /* PreWorkUITests */ = {
			isa = PBXNativeTarget;
			buildConfigurationList = B3898BEF28944C700009D222 /* Build configuration list for PBXNativeTarget "PreWorkUITests" */;
			buildPhases = (
				B3898BDB28944C700009D222 /* Sources */,
				B3898BDC28944C700009D222 /* Frameworks */,
				B3898BDD28944C700009D222 /* Resources */,
			);
			buildRules = (
			);
			dependencies = (
				B3898BE128944C700009D222 /* PBXTargetDependency */,
			);
			name = PreWorkUITests;
			productName = PreWorkUITests;
			productReference = B3898BDF28944C700009D222 /* PreWorkUITests.xctest */;
			productType = "com.apple.product-type.bundle.ui-testing";
		};
/* End PBXNativeTarget section */

/* Begin PBXProject section */
		B3898BB728944C6C0009D222 /* Project object */ = {
			isa = PBXProject;
			attributes = {
				BuildIndependentTargetsInParallel = 1;
				LastSwiftUpdateCheck = 1340;
				LastUpgradeCheck = 1340;
				TargetAttributes = {
					B3898BBE28944C6C0009D222 = {
						CreatedOnToolsVersion = 13.4.1;
					};
					B3898BD428944C700009D222 = {
						CreatedOnToolsVersion = 13.4.1;
						TestTargetID = B3898BBE28944C6C0009D222;
					};
					B3898BDE28944C700009D222 = {
						CreatedOnToolsVersion = 13.4.1;
						TestTargetID = B3898BBE28944C6C0009D222;
					};
				};
			};
			buildConfigurationList = B3898BBA28944C6C0009D222 /* Build configuration list for PBXProject "PreWork" */;
			compatibilityVersion = "Xcode 13.0";
			developmentRegion = en;
			hasScannedForEncodings = 0;
			knownRegions = (
				en,
				Base,
			);
			mainGroup = B3898BB628944C6C0009D222;
			productRefGroup = B3898BC028944C6C0009D222 /* Products */;
			projectDirPath = "";
			projectRoot = "";
			targets = (
				B3898BBE28944C6C0009D222 /* PreWork */,
				B3898BD428944C700009D222 /* PreWorkTests */,
				B3898BDE28944C700009D222 /* PreWorkUITests */,
			);
		};
/* End PBXProject section */

/* Begin PBXResourcesBuildPhase section */
		B3898BBD28944C6C0009D222 /* Resources */ = {
			isa = PBXResourcesBuildPhase;
			buildActionMask = 2147483647;
			files = (
				B3898BCF28944C700009D222 /* LaunchScreen.storyboard in Resources */,
				B3898BCC28944C700009D222 /* Assets.xcassets in Resources */,
				B3898BCA28944C6C0009D222 /* Main.storyboard in Resources */,
			);
			runOnlyForDeploymentPostprocessing = 0;
		};
		B3898BD328944C700009D222 /* Resources */ = {
			isa = PBXResourcesBuildPhase;
			buildActionMask = 2147483647;
			files = (
			);
			runOnlyForDeploymentPostprocessing = 0;
		};
		B3898BDD28944C700009D222 /* Resources */ = {
			isa = PBXResourcesBuildPhase;
			buildActionMask = 2147483647;
			files = (
			);
			runOnlyForDeploymentPostprocessing = 0;
		};
/* End PBXResourcesBuildPhase section */

/* Begin PBXSourcesBuildPhase section */
		B3898BBB28944C6C0009D222 /* Sources */ = {
			isa = PBXSourcesBuildPhase;
			buildActionMask = 2147483647;
			files = (
				B3898BC728944C6C0009D222 /* ViewController.swift in Sources */,
				B3898BC328944C6C0009D222 /* AppDelegate.swift in Sources */,
				B3898BC528944C6C0009D222 /* SceneDelegate.swift in Sources */,
			);
			runOnlyForDeploymentPostprocessing = 0;
		};
		B3898BD128944C700009D222 /* Sources */ = {
			isa = PBXSourcesBuildPhase;
			buildActionMask = 2147483647;
			files = (
				B3898BDA28944C700009D222 /* PreWorkTests.swift in Sources */,
			);
			runOnlyForDeploymentPostprocessing = 0;
		};
		B3898BDB28944C700009D222 /* Sources */ = {
			isa = PBXSourcesBuildPhase;
			buildActionMask = 2147483647;
			files = (
				B3898BE428944C700009D222 /* PreWorkUITests.swift in Sources */,
				B3898BE628944C700009D222 /* PreWorkUITestsLaunchTests.swift in Sources */,
			);
			runOnlyForDeploymentPostprocessing = 0;
		};
/* End PBXSourcesBuildPhase section */

/* Begin PBXTargetDependency section */
		B3898BD728944C700009D222 /* PBXTargetDependency */ = {
			isa = PBXTargetDependency;
			target = B3898BBE28944C6C0009D222 /* PreWork */;
			targetProxy = B3898BD628944C700009D222 /* PBXContainerItemProxy */;
		};
		B3898BE128944C700009D222 /* PBXTargetDependency */ = {
			isa = PBXTargetDependency;
			target = B3898BBE28944C6C0009D222 /* PreWork */;
			targetProxy = B3898BE028944C700009D222 /* PBXContainerItemProxy */;
		};
/* End PBXTargetDependency section */

/* Begin PBXVariantGroup section */
		B3898BC828944C6C0009D222 /* Main.storyboard */ = {
			isa = PBXVariantGroup;
			children = (
				B3898BC928944C6C0009D222 /* Base */,
			);
			name = Main.storyboard;
			sourceTree = "<group>";
		};
		B3898BCD28944C700009D222 /* LaunchScreen.storyboard */ = {
			isa = PBXVariantGroup;
			children = (
				B3898BCE28944C700009D222 /* Base */,
			);
			name = LaunchScreen.storyboard;
			sourceTree = "<group>";
		};
/* End PBXVariantGroup section */

/* Begin XCBuildConfiguration section */
		B3898BE728944C700009D222 /* Debug */ = {
			isa = XCBuildConfiguration;
			buildSettings = {
				ALWAYS_SEARCH_USER_PATHS = NO;
				CLANG_ANALYZER_NONNULL = YES;
				CLANG_ANALYZER_NUMBER_OBJECT_CONVERSION = YES_AGGRESSIVE;
				CLANG_CXX_LANGUAGE_STANDARD = "gnu++17";
				CLANG_ENABLE_MODULES = YES;
				CLANG_ENABLE_OBJC_ARC = YES;
				CLANG_ENABLE_OBJC_WEAK = YES;
				CLANG_WARN_BLOCK_CAPTURE_AUTORELEASING = YES;
				CLANG_WARN_BOOL_CONVERSION = YES;
				CLANG_WARN_COMMA = YES;
				CLANG_WARN_CONSTANT_CONVERSION = YES;
				CLANG_WARN_DEPRECATED_OBJC_IMPLEMENTATIONS = YES;
				CLANG_WARN_DIRECT_OBJC_ISA_USAGE = YES_ERROR;
				CLANG_WARN_DOCUMENTATION_COMMENTS = YES;
				CLANG_WARN_EMPTY_BODY = YES;
				CLANG_WARN_ENUM_CONVERSION = YES;
				CLANG_WARN_INFINITE_RECURSION = YES;
				CLANG_WARN_INT_CONVERSION = YES;
				CLANG_WARN_NON_LITERAL_NULL_CONVERSION = YES;
				CLANG_WARN_OBJC_IMPLICIT_RETAIN_SELF = YES;
				CLANG_WARN_OBJC_LITERAL_CONVERSION = YES;
				CLANG_WARN_OBJC_ROOT_CLASS = YES_ERROR;
				CLANG_WARN_QUOTED_INCLUDE_IN_FRAMEWORK_HEADER = YES;
				CLANG_WARN_RANGE_LOOP_ANALYSIS = YES;
				CLANG_WARN_STRICT_PROTOTYPES = YES;
				CLANG_WARN_SUSPICIOUS_MOVE = YES;
				CLANG_WARN_UNGUARDED_AVAILABILITY = YES_AGGRESSIVE;
				CLANG_WARN_UNREACHABLE_CODE = YES;
				CLANG_WARN__DUPLICATE_METHOD_MATCH = YES;
				COPY_PHASE_STRIP = NO;
				DEBUG_INFORMATION_FORMAT = dwarf;
				ENABLE_STRICT_OBJC_MSGSEND = YES;
				ENABLE_TESTABILITY = YES;
				GCC_C_LANGUAGE_STANDARD = gnu11;
				GCC_DYNAMIC_NO_PIC = NO;
				GCC_NO_COMMON_BLOCKS = YES;
				GCC_OPTIMIZATION_LEVEL = 0;
				GCC_PREPROCESSOR_DEFINITIONS = (
					"DEBUG=1",
					"$(inherited)",
				);
				GCC_WARN_64_TO_32_BIT_CONVERSION = YES;
				GCC_WARN_ABOUT_RETURN_TYPE = YES_ERROR;
				GCC_WARN_UNDECLARED_SELECTOR = YES;
				GCC_WARN_UNINITIALIZED_AUTOS = YES_AGGRESSIVE;
				GCC_WARN_UNUSED_FUNCTION = YES;
				GCC_WARN_UNUSED_VARIABLE = YES;
				IPHONEOS_DEPLOYMENT_TARGET = 15.5;
				MTL_ENABLE_DEBUG_INFO = INCLUDE_SOURCE;
				MTL_FAST_MATH = YES;
				ONLY_ACTIVE_ARCH = YES;
				SDKROOT = iphoneos;
				SWIFT_ACTIVE_COMPILATION_CONDITIONS = DEBUG;
				SWIFT_OPTIMIZATION_LEVEL = "-Onone";
			};
			name = Debug;
		};
		B3898BE828944C700009D222 /* Release */ = {
			isa = XCBuildConfiguration;
			buildSettings = {
				ALWAYS_SEARCH_USER_PATHS = NO;
				CLANG_ANALYZER_NONNULL = YES;
				CLANG_ANALYZER_NUMBER_OBJECT_CONVERSION = YES_AGGRESSIVE;
				CLANG_CXX_LANGUAGE_STANDARD = "gnu++17";
				CLANG_ENABLE_MODULES = YES;
				CLANG_ENABLE_OBJC_ARC = YES;
				CLANG_ENABLE_OBJC_WEAK = YES;
				CLANG_WARN_BLOCK_CAPTURE_AUTORELEASING = YES;
				CLANG_WARN_BOOL_CONVERSION = YES;
				CLANG_WARN_COMMA = YES;
				CLANG_WARN_CONSTANT_CONVERSION = YES;
				CLANG_WARN_DEPRECATED_OBJC_IMPLEMENTATIONS = YES;
				CLANG_WARN_DIRECT_OBJC_ISA_USAGE = YES_ERROR;
				CLANG_WARN_DOCUMENTATION_COMMENTS = YES;
				CLANG_WARN_EMPTY_BODY = YES;
				CLANG_WARN_ENUM_CONVERSION = YES;
				CLANG_WARN_INFINITE_RECURSION = YES;
				CLANG_WARN_INT_CONVERSION = YES;
				CLANG_WARN_NON_LITERAL_NULL_CONVERSION = YES;
				CLANG_WARN_OBJC_IMPLICIT_RETAIN_SELF = YES;
				CLANG_WARN_OBJC_LITERAL_CONVERSION = YES;
				CLANG_WARN_OBJC_ROOT_CLASS = YES_ERROR;
				CLANG_WARN_QUOTED_INCLUDE_IN_FRAMEWORK_HEADER = YES;
				CLANG_WARN_RANGE_LOOP_ANALYSIS = YES;
				CLANG_WARN_STRICT_PROTOTYPES = YES;
				CLANG_WARN_SUSPICIOUS_MOVE = YES;
				CLANG_WARN_UNGUARDED_AVAILABILITY = YES_AGGRESSIVE;
				CLANG_WARN_UNREACHABLE_CODE = YES;
				CLANG_WARN__DUPLICATE_METHOD_MATCH = YES;
				COPY_PHASE_STRIP = NO;
				DEBUG_INFORMATION_FORMAT = "dwarf-with-dsym";
				ENABLE_NS_ASSERTIONS = NO;
				ENABLE_STRICT_OBJC_MSGSEND = YES;
				GCC_C_LANGUAGE_STANDARD = gnu11;
				GCC_NO_COMMON_BLOCKS = YES;
				GCC_WARN_64_TO_32_BIT_CONVERSION = YES;
				GCC_WARN_ABOUT_RETURN_TYPE = YES_ERROR;
				GCC_WARN_UNDECLARED_SELECTOR = YES;
				GCC_WARN_UNINITIALIZED_AUTOS = YES_AGGRESSIVE;
				GCC_WARN_UNUSED_FUNCTION = YES;
				GCC_WARN_UNUSED_VARIABLE = YES;
				IPHONEOS_DEPLOYMENT_TARGET = 15.5;
				MTL_ENABLE_DEBUG_INFO = NO;
				MTL_FAST_MATH = YES;
				SDKROOT = iphoneos;
				SWIFT_COMPILATION_MODE = wholemodule;
				SWIFT_OPTIMIZATION_LEVEL = "-O";
				VALIDATE_PRODUCT = YES;
			};
			name = Release;
		};
		B3898BEA28944C700009D222 /* Debug */ = {
			isa = XCBuildConfiguration;
			buildSettings = {
				ASSETCATALOG_COMPILER_APPICON_NAME = AppIcon;
				ASSETCATALOG_COMPILER_GLOBAL_ACCENT_COLOR_NAME = AccentColor;
				CODE_SIGN_STYLE = Automatic;
				CURRENT_PROJECT_VERSION = 1;
				GENERATE_INFOPLIST_FILE = YES;
				INFOPLIST_FILE = PreWork/Info.plist;
				INFOPLIST_KEY_UIApplicationSupportsIndirectInputEvents = YES;
				INFOPLIST_KEY_UILaunchStoryboardName = LaunchScreen;
				INFOPLIST_KEY_UIMainStoryboardFile = Main;
				INFOPLIST_KEY_UISupportedInterfaceOrientations_iPad = "UIInterfaceOrientationPortrait UIInterfaceOrientationPortraitUpsideDown UIInterfaceOrientationLandscapeLeft UIInterfaceOrientationLandscapeRight";
				INFOPLIST_KEY_UISupportedInterfaceOrientations_iPhone = "UIInterfaceOrientationPortrait UIInterfaceOrientationLandscapeLeft UIInterfaceOrientationLandscapeRight";
				LD_RUNPATH_SEARCH_PATHS = (
					"$(inherited)",
					"@executable_path/Frameworks",
				);
				MARKETING_VERSION = 1.0;
				PRODUCT_BUNDLE_IDENTIFIER = github.com.funny1dog.PreWork;
				PRODUCT_NAME = "$(TARGET_NAME)";
				SWIFT_EMIT_LOC_STRINGS = YES;
				SWIFT_VERSION = 5.0;
				TARGETED_DEVICE_FAMILY = "1,2";
			};
			name = Debug;
		};
		B3898BEB28944C700009D222 /* Release */ = {
			isa = XCBuildConfiguration;
			buildSettings = {
				ASSETCATALOG_COMPILER_APPICON_NAME = AppIcon;
				ASSETCATALOG_COMPILER_GLOBAL_ACCENT_COLOR_NAME = AccentColor;
				CODE_SIGN_STYLE = Automatic;
				CURRENT_PROJECT_VERSION = 1;
				GENERATE_INFOPLIST_FILE = YES;
				INFOPLIST_FILE = PreWork/Info.plist;
				INFOPLIST_KEY_UIApplicationSupportsIndirectInputEvents = YES;
				INFOPLIST_KEY_UILaunchStoryboardName = LaunchScreen;
				INFOPLIST_KEY_UIMainStoryboardFile = Main;
				INFOPLIST_KEY_UISupportedInterfaceOrientations_iPad = "UIInterfaceOrientationPortrait UIInterfaceOrientationPortraitUpsideDown UIInterfaceOrientationLandscapeLeft UIInterfaceOrientationLandscapeRight";
				INFOPLIST_KEY_UISupportedInterfaceOrientations_iPhone = "UIInterfaceOrientationPortrait UIInterfaceOrientationLandscapeLeft UIInterfaceOrientationLandscapeRight";
				LD_RUNPATH_SEARCH_PATHS = (
					"$(inherited)",
					"@executable_path/Frameworks",
				);
				MARKETING_VERSION = 1.0;
				PRODUCT_BUNDLE_IDENTIFIER = github.com.funny1dog.PreWork;
				PRODUCT_NAME = "$(TARGET_NAME)";
				SWIFT_EMIT_LOC_STRINGS = YES;
				SWIFT_VERSION = 5.0;
				TARGETED_DEVICE_FAMILY = "1,2";
			};
			name = Release;
		};
		B3898BED28944C700009D222 /* Debug */ = {
			isa = XCBuildConfiguration;
			buildSettings = {
				ALWAYS_EMBED_SWIFT_STANDARD_LIBRARIES = YES;
				BUNDLE_LOADER = "$(TEST_HOST)";
				CODE_SIGN_STYLE = Automatic;
				CURRENT_PROJECT_VERSION = 1;
				GENERATE_INFOPLIST_FILE = YES;
				IPHONEOS_DEPLOYMENT_TARGET = 15.5;
				MARKETING_VERSION = 1.0;
				PRODUCT_BUNDLE_IDENTIFIER = github.com.funny1dog.PreWorkTests;
				PRODUCT_NAME = "$(TARGET_NAME)";
				SWIFT_EMIT_LOC_STRINGS = NO;
				SWIFT_VERSION = 5.0;
				TARGETED_DEVICE_FAMILY = "1,2";
				TEST_HOST = "$(BUILT_PRODUCTS_DIR)/PreWork.app/PreWork";
			};
			name = Debug;
		};
		B3898BEE28944C700009D222 /* Release */ = {
			isa = XCBuildConfiguration;
			buildSettings = {
				ALWAYS_EMBED_SWIFT_STANDARD_LIBRARIES = YES;
				BUNDLE_LOADER = "$(TEST_HOST)";
				CODE_SIGN_STYLE = Automatic;
				CURRENT_PROJECT_VERSION = 1;
				GENERATE_INFOPLIST_FILE = YES;
				IPHONEOS_DEPLOYMENT_TARGET = 15.5;
				MARKETING_VERSION = 1.0;
				PRODUCT_BUNDLE_IDENTIFIER = github.com.funny1dog.PreWorkTests;
				PRODUCT_NAME = "$(TARGET_NAME)";
				SWIFT_EMIT_LOC_STRINGS = NO;
				SWIFT_VERSION = 5.0;
				TARGETED_DEVICE_FAMILY = "1,2";
				TEST_HOST = "$(BUILT_PRODUCTS_DIR)/PreWork.app/PreWork";
			};
			name = Release;
		};
		B3898BF028944C700009D222 /* Debug */ = {
			isa = XCBuildConfiguration;
			buildSettings = {
				ALWAYS_EMBED_SWIFT_STANDARD_LIBRARIES = YES;
				CODE_SIGN_STYLE = Automatic;
				CURRENT_PROJECT_VERSION = 1;
				GENERATE_INFOPLIST_FILE = YES;
				MARKETING_VERSION = 1.0;
				PRODUCT_BUNDLE_IDENTIFIER = github.com.funny1dog.PreWorkUITests;
				PRODUCT_NAME = "$(TARGET_NAME)";
				SWIFT_EMIT_LOC_STRINGS = NO;
				SWIFT_VERSION = 5.0;
				TARGETED_DEVICE_FAMILY = "1,2";
				TEST_TARGET_NAME = PreWork;
			};
			name = Debug;
		};
		B3898BF128944C700009D222 /* Release */ = {
			isa = XCBuildConfiguration;
			buildSettings = {
				ALWAYS_EMBED_SWIFT_STANDARD_LIBRARIES = YES;
				CODE_SIGN_STYLE = Automatic;
				CURRENT_PROJECT_VERSION = 1;
				GENERATE_INFOPLIST_FILE = YES;
				MARKETING_VERSION = 1.0;
				PRODUCT_BUNDLE_IDENTIFIER = github.com.funny1dog.PreWorkUITests;
				PRODUCT_NAME = "$(TARGET_NAME)";
				SWIFT_EMIT_LOC_STRINGS = NO;
				SWIFT_VERSION = 5.0;
				TARGETED_DEVICE_FAMILY = "1,2";
				TEST_TARGET_NAME = PreWork;
			};
			name = Release;
		};
/* End XCBuildConfiguration section */

/* Begin XCConfigurationList section */
		B3898BBA28944C6C0009D222 /* Build configuration list for PBXProject "PreWork" */ = {
			isa = XCConfigurationList;
			buildConfigurations = (
				B3898BE728944C700009D222 /* Debug */,
				B3898BE828944C700009D222 /* Release */,
			);
			defaultConfigurationIsVisible = 0;
			defaultConfigurationName = Release;
		};
		B3898BE928944C700009D222 /* Build configuration list for PBXNativeTarget "PreWork" */ = {
			isa = XCConfigurationList;
			buildConfigurations = (
				B3898BEA28944C700009D222 /* Debug */,
				B3898BEB28944C700009D222 /* Release */,
			);
			defaultConfigurationIsVisible = 0;
			defaultConfigurationName = Release;
		};
		B3898BEC28944C700009D222 /* Build configuration list for PBXNativeTarget "PreWorkTests" */ = {
			isa = XCConfigurationList;
			buildConfigurations = (
				B3898BED28944C700009D222 /* Debug */,
				B3898BEE28944C700009D222 /* Release */,
			);
			defaultConfigurationIsVisible = 0;
			defaultConfigurationName = Release;
		};
		B3898BEF28944C700009D222 /* Build configuration list for PBXNativeTarget "PreWorkUITests" */ = {
			isa = XCConfigurationList;
			buildConfigurations = (
				B3898BF028944C700009D222 /* Debug */,
				B3898BF128944C700009D222 /* Release */,
			);
			defaultConfigurationIsVisible = 0;
			defaultConfigurationName = Release;
		};
/* End XCConfigurationList section */
	};
	rootObject = B3898BB728944C6C0009D222 /* Project object */;
}
